// !$*UTF8*$!
{
	archiveVersion = 1;
	classes = {
	};
	objectVersion = 56;
	objects = {

/* Begin PBXBuildFile section */
		82713F9A29134FF900930394 /* AppDelegate.swift in Sources */ = {isa = PBXBuildFile; fileRef = 82713F9929134FF900930394 /* AppDelegate.swift */; };
		82713F9C29134FF900930394 /* SceneDelegate.swift in Sources */ = {isa = PBXBuildFile; fileRef = 82713F9B29134FF900930394 /* SceneDelegate.swift */; };
		82713F9E29134FF900930394 /* MainViewController.swift in Sources */ = {isa = PBXBuildFile; fileRef = 82713F9D29134FF900930394 /* MainViewController.swift */; };
		82713FA329134FFB00930394 /* Assets.xcassets in Resources */ = {isa = PBXBuildFile; fileRef = 82713FA229134FFB00930394 /* Assets.xcassets */; };
		82713FA629134FFB00930394 /* LaunchScreen.storyboard in Resources */ = {isa = PBXBuildFile; fileRef = 82713FA429134FFB00930394 /* LaunchScreen.storyboard */; };
		82713FB129135B8E00930394 /* MainView.swift in Sources */ = {isa = PBXBuildFile; fileRef = 82713FB029135B8E00930394 /* MainView.swift */; };
		82713FB529135E9100930394 /* MainViewConstraints.swift in Sources */ = {isa = PBXBuildFile; fileRef = 82713FB429135E9100930394 /* MainViewConstraints.swift */; };
		82713FB829135F3E00930394 /* CharacterInfoCollectionViewCell.swift in Sources */ = {isa = PBXBuildFile; fileRef = 82713FB729135F3E00930394 /* CharacterInfoCollectionViewCell.swift */; };
		82713FBA2913FE2600930394 /* DetailsViewController.swift in Sources */ = {isa = PBXBuildFile; fileRef = 82713FB92913FE2600930394 /* DetailsViewController.swift */; };
		82713FBD2913FE5900930394 /* DetailsView.swift in Sources */ = {isa = PBXBuildFile; fileRef = 82713FBC2913FE5900930394 /* DetailsView.swift */; };
		82713FC02914002100930394 /* Service.swift in Sources */ = {isa = PBXBuildFile; fileRef = 82713FBF2914002100930394 /* Service.swift */; };
		82713FC3291402BB00930394 /* Character.swift in Sources */ = {isa = PBXBuildFile; fileRef = 82713FC2291402BB00930394 /* Character.swift */; };
		82713FC5291412E700930394 /* CharacterInfoCollectionViewCellViewModel.swift in Sources */ = {isa = PBXBuildFile; fileRef = 82713FC4291412E700930394 /* CharacterInfoCollectionViewCellViewModel.swift */; };
		82713FC829141C0F00930394 /* UIImageView+.swift in Sources */ = {isa = PBXBuildFile; fileRef = 82713FC729141C0F00930394 /* UIImageView+.swift */; };
		82713FCA2914213700930394 /* Episodes.swift in Sources */ = {isa = PBXBuildFile; fileRef = 82713FC92914213700930394 /* Episodes.swift */; };
		82713FCF29155C5900930394 /* MainViewViewModel.swift in Sources */ = {isa = PBXBuildFile; fileRef = 82713FCE29155C5900930394 /* MainViewViewModel.swift */; };
		82713FD129159C1A00930394 /* DetailsViewConstraints.swift in Sources */ = {isa = PBXBuildFile; fileRef = 82713FD029159C1A00930394 /* DetailsViewConstraints.swift */; };
		82713FD42915A3F300930394 /* DetailsTableViewCell.swift in Sources */ = {isa = PBXBuildFile; fileRef = 82713FD32915A3F300930394 /* DetailsTableViewCell.swift */; };
/* End PBXBuildFile section */

/* Begin PBXFileReference section */
		82713F9629134FF900930394 /* RickAndMortyWiki.app */ = {isa = PBXFileReference; explicitFileType = wrapper.application; includeInIndex = 0; path = RickAndMortyWiki.app; sourceTree = BUILT_PRODUCTS_DIR; };
		82713F9929134FF900930394 /* AppDelegate.swift */ = {isa = PBXFileReference; lastKnownFileType = sourcecode.swift; path = AppDelegate.swift; sourceTree = "<group>"; };
		82713F9B29134FF900930394 /* SceneDelegate.swift */ = {isa = PBXFileReference; lastKnownFileType = sourcecode.swift; path = SceneDelegate.swift; sourceTree = "<group>"; };
		82713F9D29134FF900930394 /* MainViewController.swift */ = {isa = PBXFileReference; lastKnownFileType = sourcecode.swift; path = MainViewController.swift; sourceTree = "<group>"; };
		82713FA229134FFB00930394 /* Assets.xcassets */ = {isa = PBXFileReference; lastKnownFileType = folder.assetcatalog; path = Assets.xcassets; sourceTree = "<group>"; };
		82713FA529134FFB00930394 /* Base */ = {isa = PBXFileReference; lastKnownFileType = file.storyboard; name = Base; path = Base.lproj/LaunchScreen.storyboard; sourceTree = "<group>"; };
		82713FA729134FFB00930394 /* Info.plist */ = {isa = PBXFileReference; lastKnownFileType = text.plist.xml; path = Info.plist; sourceTree = "<group>"; };
		82713FB029135B8E00930394 /* MainView.swift */ = {isa = PBXFileReference; lastKnownFileType = sourcecode.swift; path = MainView.swift; sourceTree = "<group>"; };
		82713FB429135E9100930394 /* MainViewConstraints.swift */ = {isa = PBXFileReference; lastKnownFileType = sourcecode.swift; path = MainViewConstraints.swift; sourceTree = "<group>"; };
		82713FB729135F3E00930394 /* CharacterInfoCollectionViewCell.swift */ = {isa = PBXFileReference; lastKnownFileType = sourcecode.swift; path = CharacterInfoCollectionViewCell.swift; sourceTree = "<group>"; };
		82713FB92913FE2600930394 /* DetailsViewController.swift */ = {isa = PBXFileReference; lastKnownFileType = sourcecode.swift; path = DetailsViewController.swift; sourceTree = "<group>"; };
		82713FBC2913FE5900930394 /* DetailsView.swift */ = {isa = PBXFileReference; lastKnownFileType = sourcecode.swift; path = DetailsView.swift; sourceTree = "<group>"; };
		82713FBF2914002100930394 /* Service.swift */ = {isa = PBXFileReference; lastKnownFileType = sourcecode.swift; path = Service.swift; sourceTree = "<group>"; };
		82713FC2291402BB00930394 /* Character.swift */ = {isa = PBXFileReference; lastKnownFileType = sourcecode.swift; path = Character.swift; sourceTree = "<group>"; };
		82713FC4291412E700930394 /* CharacterInfoCollectionViewCellViewModel.swift */ = {isa = PBXFileReference; lastKnownFileType = sourcecode.swift; path = CharacterInfoCollectionViewCellViewModel.swift; sourceTree = "<group>"; };
		82713FC729141C0F00930394 /* UIImageView+.swift */ = {isa = PBXFileReference; lastKnownFileType = sourcecode.swift; path = "UIImageView+.swift"; sourceTree = "<group>"; };
		82713FC92914213700930394 /* Episodes.swift */ = {isa = PBXFileReference; lastKnownFileType = sourcecode.swift; path = Episodes.swift; sourceTree = "<group>"; };
		82713FCE29155C5900930394 /* MainViewViewModel.swift */ = {isa = PBXFileReference; lastKnownFileType = sourcecode.swift; path = MainViewViewModel.swift; sourceTree = "<group>"; };
		82713FD029159C1A00930394 /* DetailsViewConstraints.swift */ = {isa = PBXFileReference; lastKnownFileType = sourcecode.swift; path = DetailsViewConstraints.swift; sourceTree = "<group>"; };
		82713FD32915A3F300930394 /* DetailsTableViewCell.swift */ = {isa = PBXFileReference; lastKnownFileType = sourcecode.swift; path = DetailsTableViewCell.swift; sourceTree = "<group>"; };
/* End PBXFileReference section */

/* Begin PBXFrameworksBuildPhase section */
		82713F9329134FF900930394 /* Frameworks */ = {
			isa = PBXFrameworksBuildPhase;
			buildActionMask = 2147483647;
			files = (
			);
			runOnlyForDeploymentPostprocessing = 0;
		};
/* End PBXFrameworksBuildPhase section */

/* Begin PBXGroup section */
		82713F8D29134FF900930394 = {
			isa = PBXGroup;
			children = (
				82713F9829134FF900930394 /* RickAndMortyWiki */,
				82713F9729134FF900930394 /* Products */,
			);
			sourceTree = "<group>";
		};
		82713F9729134FF900930394 /* Products */ = {
			isa = PBXGroup;
			children = (
				82713F9629134FF900930394 /* RickAndMortyWiki.app */,
			);
			name = Products;
			sourceTree = "<group>";
		};
		82713F9829134FF900930394 /* RickAndMortyWiki */ = {
			isa = PBXGroup;
			children = (
				82713FCB29145F3900930394 /* ViewModel */,
				82713FC629141BFA00930394 /* Extensions */,
				82713FC1291402B300930394 /* Model */,
				82713FBE2914001A00930394 /* Network */,
				82713FAF29135B6900930394 /* Resources */,
				82713FAE29135B6300930394 /* View */,
				82713FAD29135B5E00930394 /* Controllers */,
				82713FA729134FFB00930394 /* Info.plist */,
			);
			path = RickAndMortyWiki;
			sourceTree = "<group>";
		};
		82713FAD29135B5E00930394 /* Controllers */ = {
			isa = PBXGroup;
			children = (
				82713F9D29134FF900930394 /* MainViewController.swift */,
				82713FB92913FE2600930394 /* DetailsViewController.swift */,
			);
			path = Controllers;
			sourceTree = "<group>";
		};
		82713FAE29135B6300930394 /* View */ = {
			isa = PBXGroup;
			children = (
				82713FBB2913FE5000930394 /* Details */,
				82713FB629135F2600930394 /* CollectionViewCells */,
				82713FB229135E7D00930394 /* Main */,
			);
			path = View;
			sourceTree = "<group>";
		};
		82713FAF29135B6900930394 /* Resources */ = {
			isa = PBXGroup;
			children = (
				82713F9929134FF900930394 /* AppDelegate.swift */,
				82713F9B29134FF900930394 /* SceneDelegate.swift */,
				82713FA229134FFB00930394 /* Assets.xcassets */,
				82713FA429134FFB00930394 /* LaunchScreen.storyboard */,
			);
			path = Resources;
			sourceTree = "<group>";
		};
		82713FB229135E7D00930394 /* Main */ = {
			isa = PBXGroup;
			children = (
				82713FB029135B8E00930394 /* MainView.swift */,
				82713FB429135E9100930394 /* MainViewConstraints.swift */,
			);
			path = Main;
			sourceTree = "<group>";
		};
		82713FB629135F2600930394 /* CollectionViewCells */ = {
			isa = PBXGroup;
			children = (
				82713FB729135F3E00930394 /* CharacterInfoCollectionViewCell.swift */,
				82713FC4291412E700930394 /* CharacterInfoCollectionViewCellViewModel.swift */,
			);
			path = CollectionViewCells;
			sourceTree = "<group>";
		};
		82713FBB2913FE5000930394 /* Details */ = {
			isa = PBXGroup;
			children = (
				82713FD22915A3D100930394 /* TableViewCell */,
				82713FBC2913FE5900930394 /* DetailsView.swift */,
				82713FD029159C1A00930394 /* DetailsViewConstraints.swift */,
			);
			path = Details;
			sourceTree = "<group>";
		};
		82713FBE2914001A00930394 /* Network */ = {
			isa = PBXGroup;
			children = (
				82713FBF2914002100930394 /* Service.swift */,
			);
			path = Network;
			sourceTree = "<group>";
		};
		82713FC1291402B300930394 /* Model */ = {
			isa = PBXGroup;
			children = (
				82713FC2291402BB00930394 /* Character.swift */,
				82713FC92914213700930394 /* Episodes.swift */,
			);
			path = Model;
			sourceTree = "<group>";
		};
		82713FC629141BFA00930394 /* Extensions */ = {
			isa = PBXGroup;
			children = (
				82713FC729141C0F00930394 /* UIImageView+.swift */,
			);
			path = Extensions;
			sourceTree = "<group>";
		};
		82713FCB29145F3900930394 /* ViewModel */ = {
			isa = PBXGroup;
			children = (
				82713FCE29155C5900930394 /* MainViewViewModel.swift */,
			);
			path = ViewModel;
			sourceTree = "<group>";
		};
		82713FD22915A3D100930394 /* TableViewCell */ = {
			isa = PBXGroup;
			children = (
				82713FD32915A3F300930394 /* DetailsTableViewCell.swift */,
			);
			path = TableViewCell;
			sourceTree = "<group>";
		};
/* End PBXGroup section */

/* Begin PBXNativeTarget section */
		82713F9529134FF900930394 /* RickAndMortyWiki */ = {
			isa = PBXNativeTarget;
			buildConfigurationList = 82713FAA29134FFB00930394 /* Build configuration list for PBXNativeTarget "RickAndMortyWiki" */;
			buildPhases = (
				82713F9229134FF900930394 /* Sources */,
				82713F9329134FF900930394 /* Frameworks */,
				82713F9429134FF900930394 /* Resources */,
			);
			buildRules = (
			);
			dependencies = (
			);
			name = RickAndMortyWiki;
			productName = RickAndMortyWiki;
			productReference = 82713F9629134FF900930394 /* RickAndMortyWiki.app */;
			productType = "com.apple.product-type.application";
		};
/* End PBXNativeTarget section */

/* Begin PBXProject section */
		82713F8E29134FF900930394 /* Project object */ = {
			isa = PBXProject;
			attributes = {
				BuildIndependentTargetsInParallel = 1;
				LastSwiftUpdateCheck = 1400;
				LastUpgradeCheck = 1400;
				TargetAttributes = {
					82713F9529134FF900930394 = {
						CreatedOnToolsVersion = 14.0;
					};
				};
			};
			buildConfigurationList = 82713F9129134FF900930394 /* Build configuration list for PBXProject "RickAndMortyWiki" */;
			compatibilityVersion = "Xcode 14.0";
			developmentRegion = en;
			hasScannedForEncodings = 0;
			knownRegions = (
				en,
				Base,
			);
			mainGroup = 82713F8D29134FF900930394;
			productRefGroup = 82713F9729134FF900930394 /* Products */;
			projectDirPath = "";
			projectRoot = "";
			targets = (
				82713F9529134FF900930394 /* RickAndMortyWiki */,
			);
		};
/* End PBXProject section */

/* Begin PBXResourcesBuildPhase section */
		82713F9429134FF900930394 /* Resources */ = {
			isa = PBXResourcesBuildPhase;
			buildActionMask = 2147483647;
			files = (
				82713FA629134FFB00930394 /* LaunchScreen.storyboard in Resources */,
				82713FA329134FFB00930394 /* Assets.xcassets in Resources */,
			);
			runOnlyForDeploymentPostprocessing = 0;
		};
/* End PBXResourcesBuildPhase section */

/* Begin PBXSourcesBuildPhase section */
		82713F9229134FF900930394 /* Sources */ = {
			isa = PBXSourcesBuildPhase;
			buildActionMask = 2147483647;
			files = (
				82713FC829141C0F00930394 /* UIImageView+.swift in Sources */,
				82713FCA2914213700930394 /* Episodes.swift in Sources */,
				82713FCF29155C5900930394 /* MainViewViewModel.swift in Sources */,
				82713FD129159C1A00930394 /* DetailsViewConstraints.swift in Sources */,
				82713FC5291412E700930394 /* CharacterInfoCollectionViewCellViewModel.swift in Sources */,
				82713FB829135F3E00930394 /* CharacterInfoCollectionViewCell.swift in Sources */,
				82713F9E29134FF900930394 /* MainViewController.swift in Sources */,
				82713FB529135E9100930394 /* MainViewConstraints.swift in Sources */,
				82713FB129135B8E00930394 /* MainView.swift in Sources */,
				82713FBA2913FE2600930394 /* DetailsViewController.swift in Sources */,
				82713FC02914002100930394 /* Service.swift in Sources */,
				82713FBD2913FE5900930394 /* DetailsView.swift in Sources */,
				82713FC3291402BB00930394 /* Character.swift in Sources */,
				82713F9A29134FF900930394 /* AppDelegate.swift in Sources */,
				82713FD42915A3F300930394 /* DetailsTableViewCell.swift in Sources */,
				82713F9C29134FF900930394 /* SceneDelegate.swift in Sources */,
			);
			runOnlyForDeploymentPostprocessing = 0;
		};
/* End PBXSourcesBuildPhase section */

/* Begin PBXVariantGroup section */
		82713FA429134FFB00930394 /* LaunchScreen.storyboard */ = {
			isa = PBXVariantGroup;
			children = (
				82713FA529134FFB00930394 /* Base */,
			);
			name = LaunchScreen.storyboard;
			sourceTree = "<group>";
		};
/* End PBXVariantGroup section */

/* Begin XCBuildConfiguration section */
		82713FA829134FFB00930394 /* Debug */ = {
			isa = XCBuildConfiguration;
			buildSettings = {
				ALWAYS_SEARCH_USER_PATHS = NO;
				CLANG_ANALYZER_NONNULL = YES;
				CLANG_ANALYZER_NUMBER_OBJECT_CONVERSION = YES_AGGRESSIVE;
				CLANG_CXX_LANGUAGE_STANDARD = "gnu++20";
				CLANG_ENABLE_MODULES = YES;
				CLANG_ENABLE_OBJC_ARC = YES;
				CLANG_ENABLE_OBJC_WEAK = YES;
				CLANG_WARN_BLOCK_CAPTURE_AUTORELEASING = YES;
				CLANG_WARN_BOOL_CONVERSION = YES;
				CLANG_WARN_COMMA = YES;
				CLANG_WARN_CONSTANT_CONVERSION = YES;
				CLANG_WARN_DEPRECATED_OBJC_IMPLEMENTATIONS = YES;
				CLANG_WARN_DIRECT_OBJC_ISA_USAGE = YES_ERROR;
				CLANG_WARN_DOCUMENTATION_COMMENTS = YES;
				CLANG_WARN_EMPTY_BODY = YES;
				CLANG_WARN_ENUM_CONVERSION = YES;
				CLANG_WARN_INFINITE_RECURSION = YES;
				CLANG_WARN_INT_CONVERSION = YES;
				CLANG_WARN_NON_LITERAL_NULL_CONVERSION = YES;
				CLANG_WARN_OBJC_IMPLICIT_RETAIN_SELF = YES;
				CLANG_WARN_OBJC_LITERAL_CONVERSION = YES;
				CLANG_WARN_OBJC_ROOT_CLASS = YES_ERROR;
				CLANG_WARN_QUOTED_INCLUDE_IN_FRAMEWORK_HEADER = YES;
				CLANG_WARN_RANGE_LOOP_ANALYSIS = YES;
				CLANG_WARN_STRICT_PROTOTYPES = YES;
				CLANG_WARN_SUSPICIOUS_MOVE = YES;
				CLANG_WARN_UNGUARDED_AVAILABILITY = YES_AGGRESSIVE;
				CLANG_WARN_UNREACHABLE_CODE = YES;
				CLANG_WARN__DUPLICATE_METHOD_MATCH = YES;
				COPY_PHASE_STRIP = NO;
				DEBUG_INFORMATION_FORMAT = dwarf;
				ENABLE_STRICT_OBJC_MSGSEND = YES;
				ENABLE_TESTABILITY = YES;
				GCC_C_LANGUAGE_STANDARD = gnu11;
				GCC_DYNAMIC_NO_PIC = NO;
				GCC_NO_COMMON_BLOCKS = YES;
				GCC_OPTIMIZATION_LEVEL = 0;
				GCC_PREPROCESSOR_DEFINITIONS = (
					"DEBUG=1",
					"$(inherited)",
				);
				GCC_WARN_64_TO_32_BIT_CONVERSION = YES;
				GCC_WARN_ABOUT_RETURN_TYPE = YES_ERROR;
				GCC_WARN_UNDECLARED_SELECTOR = YES;
				GCC_WARN_UNINITIALIZED_AUTOS = YES_AGGRESSIVE;
				GCC_WARN_UNUSED_FUNCTION = YES;
				GCC_WARN_UNUSED_VARIABLE = YES;
				IPHONEOS_DEPLOYMENT_TARGET = 16.0;
				MTL_ENABLE_DEBUG_INFO = INCLUDE_SOURCE;
				MTL_FAST_MATH = YES;
				ONLY_ACTIVE_ARCH = YES;
				SDKROOT = iphoneos;
				SWIFT_ACTIVE_COMPILATION_CONDITIONS = DEBUG;
				SWIFT_OPTIMIZATION_LEVEL = "-Onone";
			};
			name = Debug;
		};
		82713FA929134FFB00930394 /* Release */ = {
			isa = XCBuildConfiguration;
			buildSettings = {
				ALWAYS_SEARCH_USER_PATHS = NO;
				CLANG_ANALYZER_NONNULL = YES;
				CLANG_ANALYZER_NUMBER_OBJECT_CONVERSION = YES_AGGRESSIVE;
				CLANG_CXX_LANGUAGE_STANDARD = "gnu++20";
				CLANG_ENABLE_MODULES = YES;
				CLANG_ENABLE_OBJC_ARC = YES;
				CLANG_ENABLE_OBJC_WEAK = YES;
				CLANG_WARN_BLOCK_CAPTURE_AUTORELEASING = YES;
				CLANG_WARN_BOOL_CONVERSION = YES;
				CLANG_WARN_COMMA = YES;
				CLANG_WARN_CONSTANT_CONVERSION = YES;
				CLANG_WARN_DEPRECATED_OBJC_IMPLEMENTATIONS = YES;
				CLANG_WARN_DIRECT_OBJC_ISA_USAGE = YES_ERROR;
				CLANG_WARN_DOCUMENTATION_COMMENTS = YES;
				CLANG_WARN_EMPTY_BODY = YES;
				CLANG_WARN_ENUM_CONVERSION = YES;
				CLANG_WARN_INFINITE_RECURSION = YES;
				CLANG_WARN_INT_CONVERSION = YES;
				CLANG_WARN_NON_LITERAL_NULL_CONVERSION = YES;
				CLANG_WARN_OBJC_IMPLICIT_RETAIN_SELF = YES;
				CLANG_WARN_OBJC_LITERAL_CONVERSION = YES;
				CLANG_WARN_OBJC_ROOT_CLASS = YES_ERROR;
				CLANG_WARN_QUOTED_INCLUDE_IN_FRAMEWORK_HEADER = YES;
				CLANG_WARN_RANGE_LOOP_ANALYSIS = YES;
				CLANG_WARN_STRICT_PROTOTYPES = YES;
				CLANG_WARN_SUSPICIOUS_MOVE = YES;
				CLANG_WARN_UNGUARDED_AVAILABILITY = YES_AGGRESSIVE;
				CLANG_WARN_UNREACHABLE_CODE = YES;
				CLANG_WARN__DUPLICATE_METHOD_MATCH = YES;
				COPY_PHASE_STRIP = NO;
				DEBUG_INFORMATION_FORMAT = "dwarf-with-dsym";
				ENABLE_NS_ASSERTIONS = NO;
				ENABLE_STRICT_OBJC_MSGSEND = YES;
				GCC_C_LANGUAGE_STANDARD = gnu11;
				GCC_NO_COMMON_BLOCKS = YES;
				GCC_WARN_64_TO_32_BIT_CONVERSION = YES;
				GCC_WARN_ABOUT_RETURN_TYPE = YES_ERROR;
				GCC_WARN_UNDECLARED_SELECTOR = YES;
				GCC_WARN_UNINITIALIZED_AUTOS = YES_AGGRESSIVE;
				GCC_WARN_UNUSED_FUNCTION = YES;
				GCC_WARN_UNUSED_VARIABLE = YES;
				IPHONEOS_DEPLOYMENT_TARGET = 16.0;
				MTL_ENABLE_DEBUG_INFO = NO;
				MTL_FAST_MATH = YES;
				SDKROOT = iphoneos;
				SWIFT_COMPILATION_MODE = wholemodule;
				SWIFT_OPTIMIZATION_LEVEL = "-O";
				VALIDATE_PRODUCT = YES;
			};
			name = Release;
		};
		82713FAB29134FFB00930394 /* Debug */ = {
			isa = XCBuildConfiguration;
			buildSettings = {
				ASSETCATALOG_COMPILER_APPICON_NAME = AppIcon;
				ASSETCATALOG_COMPILER_GLOBAL_ACCENT_COLOR_NAME = AccentColor;
				CODE_SIGN_STYLE = Automatic;
				CURRENT_PROJECT_VERSION = 1;
				DEVELOPMENT_TEAM = X2R4Q8ATZU;
				GENERATE_INFOPLIST_FILE = YES;
				INFOPLIST_FILE = RickAndMortyWiki/Info.plist;
				INFOPLIST_KEY_UIApplicationSupportsIndirectInputEvents = YES;
				INFOPLIST_KEY_UILaunchStoryboardName = LaunchScreen;
				INFOPLIST_KEY_UISupportedInterfaceOrientations_iPad = "UIInterfaceOrientationPortrait UIInterfaceOrientationPortraitUpsideDown UIInterfaceOrientationLandscapeLeft UIInterfaceOrientationLandscapeRight";
				INFOPLIST_KEY_UISupportedInterfaceOrientations_iPhone = "UIInterfaceOrientationPortrait UIInterfaceOrientationLandscapeLeft UIInterfaceOrientationLandscapeRight";
				LD_RUNPATH_SEARCH_PATHS = (
					"$(inherited)",
					"@executable_path/Frameworks",
				);
				MARKETING_VERSION = 1.0;
				PRODUCT_BUNDLE_IDENTIFIER = gmail.igormedfer.RickAndMortyWiki;
				PRODUCT_NAME = "$(TARGET_NAME)";
				SWIFT_EMIT_LOC_STRINGS = YES;
				SWIFT_VERSION = 5.0;
				TARGETED_DEVICE_FAMILY = "1,2";
			};
			name = Debug;
		};
		82713FAC29134FFB00930394 /* Release */ = {
			isa = XCBuildConfiguration;
			buildSettings = {
				ASSETCATALOG_COMPILER_APPICON_NAME = AppIcon;
				ASSETCATALOG_COMPILER_GLOBAL_ACCENT_COLOR_NAME = AccentColor;
				CODE_SIGN_STYLE = Automatic;
				CURRENT_PROJECT_VERSION = 1;
				DEVELOPMENT_TEAM = X2R4Q8ATZU;
				GENERATE_INFOPLIST_FILE = YES;
				INFOPLIST_FILE = RickAndMortyWiki/Info.plist;
				INFOPLIST_KEY_UIApplicationSupportsIndirectInputEvents = YES;
				INFOPLIST_KEY_UILaunchStoryboardName = LaunchScreen;
				INFOPLIST_KEY_UISupportedInterfaceOrientations_iPad = "UIInterfaceOrientationPortrait UIInterfaceOrientationPortraitUpsideDown UIInterfaceOrientationLandscapeLeft UIInterfaceOrientationLandscapeRight";
				INFOPLIST_KEY_UISupportedInterfaceOrientations_iPhone = "UIInterfaceOrientationPortrait UIInterfaceOrientationLandscapeLeft UIInterfaceOrientationLandscapeRight";
				LD_RUNPATH_SEARCH_PATHS = (
					"$(inherited)",
					"@executable_path/Frameworks",
				);
				MARKETING_VERSION = 1.0;
				PRODUCT_BUNDLE_IDENTIFIER = gmail.igormedfer.RickAndMortyWiki;
				PRODUCT_NAME = "$(TARGET_NAME)";
				SWIFT_EMIT_LOC_STRINGS = YES;
				SWIFT_VERSION = 5.0;
				TARGETED_DEVICE_FAMILY = "1,2";
			};
			name = Release;
		};
/* End XCBuildConfiguration section */

/* Begin XCConfigurationList section */
		82713F9129134FF900930394 /* Build configuration list for PBXProject "RickAndMortyWiki" */ = {
			isa = XCConfigurationList;
			buildConfigurations = (
				82713FA829134FFB00930394 /* Debug */,
				82713FA929134FFB00930394 /* Release */,
			);
			defaultConfigurationIsVisible = 0;
			defaultConfigurationName = Release;
		};
		82713FAA29134FFB00930394 /* Build configuration list for PBXNativeTarget "RickAndMortyWiki" */ = {
			isa = XCConfigurationList;
			buildConfigurations = (
				82713FAB29134FFB00930394 /* Debug */,
				82713FAC29134FFB00930394 /* Release */,
			);
			defaultConfigurationIsVisible = 0;
			defaultConfigurationName = Release;
		};
/* End XCConfigurationList section */
	};
	rootObject = 82713F8E29134FF900930394 /* Project object */;
}
